// !$*UTF8*$!
{
	archiveVersion = 1;
	classes = {
	};
	objectVersion = 56;
	objects = {

/* Begin PBXBuildFile section */
		EB1103972B290AAB00C79A31 /* SendableBootcamp.swift in Sources */ = {isa = PBXBuildFile; fileRef = EB1103962B290AAB00C79A31 /* SendableBootcamp.swift */; };
		EB1205C82B1F712E0006E72B /* StructClassActorBootcamp.swift in Sources */ = {isa = PBXBuildFile; fileRef = EB1205C72B1F712E0006E72B /* StructClassActorBootcamp.swift */; };
		EB20CE962B0E2286008E2275 /* SwiftConcurrencyApp.swift in Sources */ = {isa = PBXBuildFile; fileRef = EB20CE952B0E2286008E2275 /* SwiftConcurrencyApp.swift */; };
		EB20CE9A2B0E2287008E2275 /* Assets.xcassets in Resources */ = {isa = PBXBuildFile; fileRef = EB20CE992B0E2287008E2275 /* Assets.xcassets */; };
		EB20CE9D2B0E2287008E2275 /* Preview Assets.xcassets in Resources */ = {isa = PBXBuildFile; fileRef = EB20CE9C2B0E2287008E2275 /* Preview Assets.xcassets */; };
		EB20CEA42B0E22C4008E2275 /* DoCatchTryThrowsBootcamp.swift in Sources */ = {isa = PBXBuildFile; fileRef = EB20CEA32B0E22C4008E2275 /* DoCatchTryThrowsBootcamp.swift */; };
		EB20CEA62B0E57E4008E2275 /* DownloadImageAsync.swift in Sources */ = {isa = PBXBuildFile; fileRef = EB20CEA52B0E57E4008E2275 /* DownloadImageAsync.swift */; };
		EB2280692B2885A900B4C76F /* GlobalActorBootcamp.swift in Sources */ = {isa = PBXBuildFile; fileRef = EB2280682B2885A900B4C76F /* GlobalActorBootcamp.swift */; };
		EB5E72F72B2AE44000170B6E /* MVVMBootcamp.swift in Sources */ = {isa = PBXBuildFile; fileRef = EB5E72F62B2AE44000170B6E /* MVVMBootcamp.swift */; };
		EB7558662B10978500C5A0D6 /* AsyncAwaitBootcamp.swift in Sources */ = {isa = PBXBuildFile; fileRef = EB7558652B10978500C5A0D6 /* AsyncAwaitBootcamp.swift */; };
		EB7558682B10B5FA00C5A0D6 /* TaskBootcamp.swift in Sources */ = {isa = PBXBuildFile; fileRef = EB7558672B10B5FA00C5A0D6 /* TaskBootcamp.swift */; };
		EB77F7CF2B1F49EA00D7A427 /* CheckedContinuationBootcamp.swift in Sources */ = {isa = PBXBuildFile; fileRef = EB77F7CE2B1F49EA00D7A427 /* CheckedContinuationBootcamp.swift */; };
		EBA5D04F2B10D7F700EF0526 /* AsyncLetBootcamp.swift in Sources */ = {isa = PBXBuildFile; fileRef = EBA5D04E2B10D7F700EF0526 /* AsyncLetBootcamp.swift */; };
		EBA5D0512B10EC5100EF0526 /* TaskGroupBootcamp.swift in Sources */ = {isa = PBXBuildFile; fileRef = EBA5D0502B10EC5100EF0526 /* TaskGroupBootcamp.swift */; };
		EBACDBF72B2765E3001E859F /* ActorsBootcamp.swift in Sources */ = {isa = PBXBuildFile; fileRef = EBACDBF62B2765E3001E859F /* ActorsBootcamp.swift */; };
		EBEDF2EA2B29D4F1008D38E5 /* AsyncPublisherBootcamp.swift in Sources */ = {isa = PBXBuildFile; fileRef = EBEDF2E92B29D4F1008D38E5 /* AsyncPublisherBootcamp.swift */; };
		EBEDF2EC2B29FCAE008D38E5 /* ReferencesBootcamp.swift in Sources */ = {isa = PBXBuildFile; fileRef = EBEDF2EB2B29FCAE008D38E5 /* ReferencesBootcamp.swift */; };
/* End PBXBuildFile section */

/* Begin PBXFileReference section */
		EB1103962B290AAB00C79A31 /* SendableBootcamp.swift */ = {isa = PBXFileReference; lastKnownFileType = sourcecode.swift; path = SendableBootcamp.swift; sourceTree = "<group>"; };
		EB1205C72B1F712E0006E72B /* StructClassActorBootcamp.swift */ = {isa = PBXFileReference; lastKnownFileType = sourcecode.swift; path = StructClassActorBootcamp.swift; sourceTree = "<group>"; };
		EB20CE922B0E2286008E2275 /* SwiftConcurrency.app */ = {isa = PBXFileReference; explicitFileType = wrapper.application; includeInIndex = 0; path = SwiftConcurrency.app; sourceTree = BUILT_PRODUCTS_DIR; };
		EB20CE952B0E2286008E2275 /* SwiftConcurrencyApp.swift */ = {isa = PBXFileReference; lastKnownFileType = sourcecode.swift; path = SwiftConcurrencyApp.swift; sourceTree = "<group>"; };
		EB20CE992B0E2287008E2275 /* Assets.xcassets */ = {isa = PBXFileReference; lastKnownFileType = folder.assetcatalog; path = Assets.xcassets; sourceTree = "<group>"; };
		EB20CE9C2B0E2287008E2275 /* Preview Assets.xcassets */ = {isa = PBXFileReference; lastKnownFileType = folder.assetcatalog; path = "Preview Assets.xcassets"; sourceTree = "<group>"; };
		EB20CEA32B0E22C4008E2275 /* DoCatchTryThrowsBootcamp.swift */ = {isa = PBXFileReference; lastKnownFileType = sourcecode.swift; path = DoCatchTryThrowsBootcamp.swift; sourceTree = "<group>"; };
		EB20CEA52B0E57E4008E2275 /* DownloadImageAsync.swift */ = {isa = PBXFileReference; lastKnownFileType = sourcecode.swift; path = DownloadImageAsync.swift; sourceTree = "<group>"; };
		EB2280682B2885A900B4C76F /* GlobalActorBootcamp.swift */ = {isa = PBXFileReference; lastKnownFileType = sourcecode.swift; path = GlobalActorBootcamp.swift; sourceTree = "<group>"; };
		EB5E72F62B2AE44000170B6E /* MVVMBootcamp.swift */ = {isa = PBXFileReference; lastKnownFileType = sourcecode.swift; path = MVVMBootcamp.swift; sourceTree = "<group>"; };
		EB7558652B10978500C5A0D6 /* AsyncAwaitBootcamp.swift */ = {isa = PBXFileReference; lastKnownFileType = sourcecode.swift; path = AsyncAwaitBootcamp.swift; sourceTree = "<group>"; };
		EB7558672B10B5FA00C5A0D6 /* TaskBootcamp.swift */ = {isa = PBXFileReference; lastKnownFileType = sourcecode.swift; path = TaskBootcamp.swift; sourceTree = "<group>"; };
		EB77F7CE2B1F49EA00D7A427 /* CheckedContinuationBootcamp.swift */ = {isa = PBXFileReference; lastKnownFileType = sourcecode.swift; path = CheckedContinuationBootcamp.swift; sourceTree = "<group>"; };
		EBA5D04E2B10D7F700EF0526 /* AsyncLetBootcamp.swift */ = {isa = PBXFileReference; lastKnownFileType = sourcecode.swift; path = AsyncLetBootcamp.swift; sourceTree = "<group>"; };
		EBA5D0502B10EC5100EF0526 /* TaskGroupBootcamp.swift */ = {isa = PBXFileReference; lastKnownFileType = sourcecode.swift; path = TaskGroupBootcamp.swift; sourceTree = "<group>"; };
		EBACDBF62B2765E3001E859F /* ActorsBootcamp.swift */ = {isa = PBXFileReference; lastKnownFileType = sourcecode.swift; path = ActorsBootcamp.swift; sourceTree = "<group>"; };
		EBEDF2E92B29D4F1008D38E5 /* AsyncPublisherBootcamp.swift */ = {isa = PBXFileReference; lastKnownFileType = sourcecode.swift; path = AsyncPublisherBootcamp.swift; sourceTree = "<group>"; };
		EBEDF2EB2B29FCAE008D38E5 /* ReferencesBootcamp.swift */ = {isa = PBXFileReference; lastKnownFileType = sourcecode.swift; path = ReferencesBootcamp.swift; sourceTree = "<group>"; };
/* End PBXFileReference section */

/* Begin PBXFrameworksBuildPhase section */
		EB20CE8F2B0E2286008E2275 /* Frameworks */ = {
			isa = PBXFrameworksBuildPhase;
			buildActionMask = 2147483647;
			files = (
			);
			runOnlyForDeploymentPostprocessing = 0;
		};
/* End PBXFrameworksBuildPhase section */

/* Begin PBXGroup section */
		EB20CE892B0E2286008E2275 = {
			isa = PBXGroup;
			children = (
				EB20CE942B0E2286008E2275 /* SwiftConcurrency */,
				EB20CE932B0E2286008E2275 /* Products */,
			);
			sourceTree = "<group>";
		};
		EB20CE932B0E2286008E2275 /* Products */ = {
			isa = PBXGroup;
			children = (
				EB20CE922B0E2286008E2275 /* SwiftConcurrency.app */,
			);
			name = Products;
			sourceTree = "<group>";
		};
		EB20CE942B0E2286008E2275 /* SwiftConcurrency */ = {
			isa = PBXGroup;
			children = (
				EB20CE952B0E2286008E2275 /* SwiftConcurrencyApp.swift */,
				EB20CEA32B0E22C4008E2275 /* DoCatchTryThrowsBootcamp.swift */,
				EB20CEA52B0E57E4008E2275 /* DownloadImageAsync.swift */,
				EB7558652B10978500C5A0D6 /* AsyncAwaitBootcamp.swift */,
				EB7558672B10B5FA00C5A0D6 /* TaskBootcamp.swift */,
				EBA5D04E2B10D7F700EF0526 /* AsyncLetBootcamp.swift */,
				EBA5D0502B10EC5100EF0526 /* TaskGroupBootcamp.swift */,
				EB77F7CE2B1F49EA00D7A427 /* CheckedContinuationBootcamp.swift */,
				EB1205C72B1F712E0006E72B /* StructClassActorBootcamp.swift */,
				EBACDBF62B2765E3001E859F /* ActorsBootcamp.swift */,
				EB2280682B2885A900B4C76F /* GlobalActorBootcamp.swift */,
				EB1103962B290AAB00C79A31 /* SendableBootcamp.swift */,
				EBEDF2E92B29D4F1008D38E5 /* AsyncPublisherBootcamp.swift */,
				EBEDF2EB2B29FCAE008D38E5 /* ReferencesBootcamp.swift */,
				EB5E72F62B2AE44000170B6E /* MVVMBootcamp.swift */,
				EB20CE992B0E2287008E2275 /* Assets.xcassets */,
				EB20CE9B2B0E2287008E2275 /* Preview Content */,
			);
			path = SwiftConcurrency;
			sourceTree = "<group>";
		};
		EB20CE9B2B0E2287008E2275 /* Preview Content */ = {
			isa = PBXGroup;
			children = (
				EB20CE9C2B0E2287008E2275 /* Preview Assets.xcassets */,
			);
			path = "Preview Content";
			sourceTree = "<group>";
		};
/* End PBXGroup section */

/* Begin PBXNativeTarget section */
		EB20CE912B0E2286008E2275 /* SwiftConcurrency */ = {
			isa = PBXNativeTarget;
			buildConfigurationList = EB20CEA02B0E2287008E2275 /* Build configuration list for PBXNativeTarget "SwiftConcurrency" */;
			buildPhases = (
				EB20CE8E2B0E2286008E2275 /* Sources */,
				EB20CE8F2B0E2286008E2275 /* Frameworks */,
				EB20CE902B0E2286008E2275 /* Resources */,
			);
			buildRules = (
			);
			dependencies = (
			);
			name = SwiftConcurrency;
			productName = SwiftConcurrency;
			productReference = EB20CE922B0E2286008E2275 /* SwiftConcurrency.app */;
			productType = "com.apple.product-type.application";
		};
/* End PBXNativeTarget section */

/* Begin PBXProject section */
		EB20CE8A2B0E2286008E2275 /* Project object */ = {
			isa = PBXProject;
			attributes = {
				BuildIndependentTargetsInParallel = 1;
				LastSwiftUpdateCheck = 1500;
				LastUpgradeCheck = 1500;
				TargetAttributes = {
					EB20CE912B0E2286008E2275 = {
						CreatedOnToolsVersion = 15.0.1;
					};
				};
			};
			buildConfigurationList = EB20CE8D2B0E2286008E2275 /* Build configuration list for PBXProject "SwiftConcurrency" */;
			compatibilityVersion = "Xcode 14.0";
			developmentRegion = en;
			hasScannedForEncodings = 0;
			knownRegions = (
				en,
				Base,
			);
			mainGroup = EB20CE892B0E2286008E2275;
			productRefGroup = EB20CE932B0E2286008E2275 /* Products */;
			projectDirPath = "";
			projectRoot = "";
			targets = (
				EB20CE912B0E2286008E2275 /* SwiftConcurrency */,
			);
		};
/* End PBXProject section */

/* Begin PBXResourcesBuildPhase section */
		EB20CE902B0E2286008E2275 /* Resources */ = {
			isa = PBXResourcesBuildPhase;
			buildActionMask = 2147483647;
			files = (
				EB20CE9D2B0E2287008E2275 /* Preview Assets.xcassets in Resources */,
				EB20CE9A2B0E2287008E2275 /* Assets.xcassets in Resources */,
			);
			runOnlyForDeploymentPostprocessing = 0;
		};
/* End PBXResourcesBuildPhase section */

/* Begin PBXSourcesBuildPhase section */
		EB20CE8E2B0E2286008E2275 /* Sources */ = {
			isa = PBXSourcesBuildPhase;
			buildActionMask = 2147483647;
			files = (
				EB7558662B10978500C5A0D6 /* AsyncAwaitBootcamp.swift in Sources */,
				EB5E72F72B2AE44000170B6E /* MVVMBootcamp.swift in Sources */,
				EB77F7CF2B1F49EA00D7A427 /* CheckedContinuationBootcamp.swift in Sources */,
				EBACDBF72B2765E3001E859F /* ActorsBootcamp.swift in Sources */,
				EB1205C82B1F712E0006E72B /* StructClassActorBootcamp.swift in Sources */,
				EB7558682B10B5FA00C5A0D6 /* TaskBootcamp.swift in Sources */,
				EBEDF2EA2B29D4F1008D38E5 /* AsyncPublisherBootcamp.swift in Sources */,
				EBEDF2EC2B29FCAE008D38E5 /* ReferencesBootcamp.swift in Sources */,
				EB20CEA42B0E22C4008E2275 /* DoCatchTryThrowsBootcamp.swift in Sources */,
				EB20CEA62B0E57E4008E2275 /* DownloadImageAsync.swift in Sources */,
				EBA5D0512B10EC5100EF0526 /* TaskGroupBootcamp.swift in Sources */,
				EB1103972B290AAB00C79A31 /* SendableBootcamp.swift in Sources */,
				EB20CE962B0E2286008E2275 /* SwiftConcurrencyApp.swift in Sources */,
				EB2280692B2885A900B4C76F /* GlobalActorBootcamp.swift in Sources */,
				EBA5D04F2B10D7F700EF0526 /* AsyncLetBootcamp.swift in Sources */,
			);
			runOnlyForDeploymentPostprocessing = 0;
		};
/* End PBXSourcesBuildPhase section */

/* Begin XCBuildConfiguration section */
		EB20CE9E2B0E2287008E2275 /* Debug */ = {
			isa = XCBuildConfiguration;
			buildSettings = {
				ALWAYS_SEARCH_USER_PATHS = NO;
				ASSETCATALOG_COMPILER_GENERATE_SWIFT_ASSET_SYMBOL_EXTENSIONS = YES;
				CLANG_ANALYZER_NONNULL = YES;
				CLANG_ANALYZER_NUMBER_OBJECT_CONVERSION = YES_AGGRESSIVE;
				CLANG_CXX_LANGUAGE_STANDARD = "gnu++20";
				CLANG_ENABLE_MODULES = YES;
				CLANG_ENABLE_OBJC_ARC = YES;
				CLANG_ENABLE_OBJC_WEAK = YES;
				CLANG_WARN_BLOCK_CAPTURE_AUTORELEASING = YES;
				CLANG_WARN_BOOL_CONVERSION = YES;
				CLANG_WARN_COMMA = YES;
				CLANG_WARN_CONSTANT_CONVERSION = YES;
				CLANG_WARN_DEPRECATED_OBJC_IMPLEMENTATIONS = YES;
				CLANG_WARN_DIRECT_OBJC_ISA_USAGE = YES_ERROR;
				CLANG_WARN_DOCUMENTATION_COMMENTS = YES;
				CLANG_WARN_EMPTY_BODY = YES;
				CLANG_WARN_ENUM_CONVERSION = YES;
				CLANG_WARN_INFINITE_RECURSION = YES;
				CLANG_WARN_INT_CONVERSION = YES;
				CLANG_WARN_NON_LITERAL_NULL_CONVERSION = YES;
				CLANG_WARN_OBJC_IMPLICIT_RETAIN_SELF = YES;
				CLANG_WARN_OBJC_LITERAL_CONVERSION = YES;
				CLANG_WARN_OBJC_ROOT_CLASS = YES_ERROR;
				CLANG_WARN_QUOTED_INCLUDE_IN_FRAMEWORK_HEADER = YES;
				CLANG_WARN_RANGE_LOOP_ANALYSIS = YES;
				CLANG_WARN_STRICT_PROTOTYPES = YES;
				CLANG_WARN_SUSPICIOUS_MOVE = YES;
				CLANG_WARN_UNGUARDED_AVAILABILITY = YES_AGGRESSIVE;
				CLANG_WARN_UNREACHABLE_CODE = YES;
				CLANG_WARN__DUPLICATE_METHOD_MATCH = YES;
				COPY_PHASE_STRIP = NO;
				DEBUG_INFORMATION_FORMAT = dwarf;
				ENABLE_STRICT_OBJC_MSGSEND = YES;
				ENABLE_TESTABILITY = YES;
				ENABLE_USER_SCRIPT_SANDBOXING = YES;
				GCC_C_LANGUAGE_STANDARD = gnu17;
				GCC_DYNAMIC_NO_PIC = NO;
				GCC_NO_COMMON_BLOCKS = YES;
				GCC_OPTIMIZATION_LEVEL = 0;
				GCC_PREPROCESSOR_DEFINITIONS = (
					"DEBUG=1",
					"$(inherited)",
				);
				GCC_WARN_64_TO_32_BIT_CONVERSION = YES;
				GCC_WARN_ABOUT_RETURN_TYPE = YES_ERROR;
				GCC_WARN_UNDECLARED_SELECTOR = YES;
				GCC_WARN_UNINITIALIZED_AUTOS = YES_AGGRESSIVE;
				GCC_WARN_UNUSED_FUNCTION = YES;
				GCC_WARN_UNUSED_VARIABLE = YES;
				IPHONEOS_DEPLOYMENT_TARGET = 17.0;
				LOCALIZATION_PREFERS_STRING_CATALOGS = YES;
				MTL_ENABLE_DEBUG_INFO = INCLUDE_SOURCE;
				MTL_FAST_MATH = YES;
				ONLY_ACTIVE_ARCH = YES;
				SDKROOT = iphoneos;
				SWIFT_ACTIVE_COMPILATION_CONDITIONS = "DEBUG $(inherited)";
				SWIFT_OPTIMIZATION_LEVEL = "-Onone";
			};
			name = Debug;
		};
		EB20CE9F2B0E2287008E2275 /* Release */ = {
			isa = XCBuildConfiguration;
			buildSettings = {
				ALWAYS_SEARCH_USER_PATHS = NO;
				ASSETCATALOG_COMPILER_GENERATE_SWIFT_ASSET_SYMBOL_EXTENSIONS = YES;
				CLANG_ANALYZER_NONNULL = YES;
				CLANG_ANALYZER_NUMBER_OBJECT_CONVERSION = YES_AGGRESSIVE;
				CLANG_CXX_LANGUAGE_STANDARD = "gnu++20";
				CLANG_ENABLE_MODULES = YES;
				CLANG_ENABLE_OBJC_ARC = YES;
				CLANG_ENABLE_OBJC_WEAK = YES;
				CLANG_WARN_BLOCK_CAPTURE_AUTORELEASING = YES;
				CLANG_WARN_BOOL_CONVERSION = YES;
				CLANG_WARN_COMMA = YES;
				CLANG_WARN_CONSTANT_CONVERSION = YES;
				CLANG_WARN_DEPRECATED_OBJC_IMPLEMENTATIONS = YES;
				CLANG_WARN_DIRECT_OBJC_ISA_USAGE = YES_ERROR;
				CLANG_WARN_DOCUMENTATION_COMMENTS = YES;
				CLANG_WARN_EMPTY_BODY = YES;
				CLANG_WARN_ENUM_CONVERSION = YES;
				CLANG_WARN_INFINITE_RECURSION = YES;
				CLANG_WARN_INT_CONVERSION = YES;
				CLANG_WARN_NON_LITERAL_NULL_CONVERSION = YES;
				CLANG_WARN_OBJC_IMPLICIT_RETAIN_SELF = YES;
				CLANG_WARN_OBJC_LITERAL_CONVERSION = YES;
				CLANG_WARN_OBJC_ROOT_CLASS = YES_ERROR;
				CLANG_WARN_QUOTED_INCLUDE_IN_FRAMEWORK_HEADER = YES;
				CLANG_WARN_RANGE_LOOP_ANALYSIS = YES;
				CLANG_WARN_STRICT_PROTOTYPES = YES;
				CLANG_WARN_SUSPICIOUS_MOVE = YES;
				CLANG_WARN_UNGUARDED_AVAILABILITY = YES_AGGRESSIVE;
				CLANG_WARN_UNREACHABLE_CODE = YES;
				CLANG_WARN__DUPLICATE_METHOD_MATCH = YES;
				COPY_PHASE_STRIP = NO;
				DEBUG_INFORMATION_FORMAT = "dwarf-with-dsym";
				ENABLE_NS_ASSERTIONS = NO;
				ENABLE_STRICT_OBJC_MSGSEND = YES;
				ENABLE_USER_SCRIPT_SANDBOXING = YES;
				GCC_C_LANGUAGE_STANDARD = gnu17;
				GCC_NO_COMMON_BLOCKS = YES;
				GCC_WARN_64_TO_32_BIT_CONVERSION = YES;
				GCC_WARN_ABOUT_RETURN_TYPE = YES_ERROR;
				GCC_WARN_UNDECLARED_SELECTOR = YES;
				GCC_WARN_UNINITIALIZED_AUTOS = YES_AGGRESSIVE;
				GCC_WARN_UNUSED_FUNCTION = YES;
				GCC_WARN_UNUSED_VARIABLE = YES;
				IPHONEOS_DEPLOYMENT_TARGET = 17.0;
				LOCALIZATION_PREFERS_STRING_CATALOGS = YES;
				MTL_ENABLE_DEBUG_INFO = NO;
				MTL_FAST_MATH = YES;
				SDKROOT = iphoneos;
				SWIFT_COMPILATION_MODE = wholemodule;
				VALIDATE_PRODUCT = YES;
			};
			name = Release;
		};
		EB20CEA12B0E2287008E2275 /* Debug */ = {
			isa = XCBuildConfiguration;
			buildSettings = {
				ASSETCATALOG_COMPILER_APPICON_NAME = AppIcon;
				ASSETCATALOG_COMPILER_GLOBAL_ACCENT_COLOR_NAME = AccentColor;
				CODE_SIGN_STYLE = Automatic;
				CURRENT_PROJECT_VERSION = 1;
				DEVELOPMENT_ASSET_PATHS = "\"SwiftConcurrency/Preview Content\"";
				DEVELOPMENT_TEAM = 8VZXPVXH33;
				ENABLE_PREVIEWS = YES;
				GENERATE_INFOPLIST_FILE = YES;
				INFOPLIST_KEY_UIApplicationSceneManifest_Generation = YES;
				INFOPLIST_KEY_UIApplicationSupportsIndirectInputEvents = YES;
				INFOPLIST_KEY_UILaunchScreen_Generation = YES;
				INFOPLIST_KEY_UISupportedInterfaceOrientations_iPad = "UIInterfaceOrientationPortrait UIInterfaceOrientationPortraitUpsideDown UIInterfaceOrientationLandscapeLeft UIInterfaceOrientationLandscapeRight";
				INFOPLIST_KEY_UISupportedInterfaceOrientations_iPhone = "UIInterfaceOrientationPortrait UIInterfaceOrientationLandscapeLeft UIInterfaceOrientationLandscapeRight";
				LD_RUNPATH_SEARCH_PATHS = (
					"$(inherited)",
					"@executable_path/Frameworks",
				);
				MARKETING_VERSION = 1.0;
				PRODUCT_BUNDLE_IDENTIFIER = com.matflow.SwiftConcurrency;
				PRODUCT_NAME = "$(TARGET_NAME)";
				SWIFT_EMIT_LOC_STRINGS = YES;
				SWIFT_VERSION = 5.0;
				TARGETED_DEVICE_FAMILY = "1,2";
			};
			name = Debug;
		};
		EB20CEA22B0E2287008E2275 /* Release */ = {
			isa = XCBuildConfiguration;
			buildSettings = {
				ASSETCATALOG_COMPILER_APPICON_NAME = AppIcon;
				ASSETCATALOG_COMPILER_GLOBAL_ACCENT_COLOR_NAME = AccentColor;
				CODE_SIGN_STYLE = Automatic;
				CURRENT_PROJECT_VERSION = 1;
				DEVELOPMENT_ASSET_PATHS = "\"SwiftConcurrency/Preview Content\"";
				DEVELOPMENT_TEAM = 8VZXPVXH33;
				ENABLE_PREVIEWS = YES;
				GENERATE_INFOPLIST_FILE = YES;
				INFOPLIST_KEY_UIApplicationSceneManifest_Generation = YES;
				INFOPLIST_KEY_UIApplicationSupportsIndirectInputEvents = YES;
				INFOPLIST_KEY_UILaunchScreen_Generation = YES;
				INFOPLIST_KEY_UISupportedInterfaceOrientations_iPad = "UIInterfaceOrientationPortrait UIInterfaceOrientationPortraitUpsideDown UIInterfaceOrientationLandscapeLeft UIInterfaceOrientationLandscapeRight";
				INFOPLIST_KEY_UISupportedInterfaceOrientations_iPhone = "UIInterfaceOrientationPortrait UIInterfaceOrientationLandscapeLeft UIInterfaceOrientationLandscapeRight";
				LD_RUNPATH_SEARCH_PATHS = (
					"$(inherited)",
					"@executable_path/Frameworks",
				);
				MARKETING_VERSION = 1.0;
				PRODUCT_BUNDLE_IDENTIFIER = com.matflow.SwiftConcurrency;
				PRODUCT_NAME = "$(TARGET_NAME)";
				SWIFT_EMIT_LOC_STRINGS = YES;
				SWIFT_VERSION = 5.0;
				TARGETED_DEVICE_FAMILY = "1,2";
			};
			name = Release;
		};
/* End XCBuildConfiguration section */

/* Begin XCConfigurationList section */
		EB20CE8D2B0E2286008E2275 /* Build configuration list for PBXProject "SwiftConcurrency" */ = {
			isa = XCConfigurationList;
			buildConfigurations = (
				EB20CE9E2B0E2287008E2275 /* Debug */,
				EB20CE9F2B0E2287008E2275 /* Release */,
			);
			defaultConfigurationIsVisible = 0;
			defaultConfigurationName = Release;
		};
		EB20CEA02B0E2287008E2275 /* Build configuration list for PBXNativeTarget "SwiftConcurrency" */ = {
			isa = XCConfigurationList;
			buildConfigurations = (
				EB20CEA12B0E2287008E2275 /* Debug */,
				EB20CEA22B0E2287008E2275 /* Release */,
			);
			defaultConfigurationIsVisible = 0;
			defaultConfigurationName = Release;
		};
/* End XCConfigurationList section */
	};
	rootObject = EB20CE8A2B0E2286008E2275 /* Project object */;
}
